// !$*UTF8*$!
{
	archiveVersion = 1;
	classes = {
	};
	objectVersion = 55;
	objects = {

/* Begin PBXBuildFile section */
		05364B612835527500EA466B /* ReminderDoneButton.swift in Sources */ = {isa = PBXBuildFile; fileRef = 05364B602835527500EA466B /* ReminderDoneButton.swift */; };
		05364B63283553EB00EA466B /* ReminderListViewController+Actions.swift in Sources */ = {isa = PBXBuildFile; fileRef = 05364B62283553EB00EA466B /* ReminderListViewController+Actions.swift */; };
		05649FF4282FBD2C00C8536C /* ReminderListViewController.swift in Sources */ = {isa = PBXBuildFile; fileRef = 05649FF3282FBD2C00C8536C /* ReminderListViewController.swift */; };
		05A46052283127EE00758B8E /* Date+Today.swift in Sources */ = {isa = PBXBuildFile; fileRef = 05A46051283127EE00758B8E /* Date+Today.swift */; };
		05A460542831293900758B8E /* UIColor+Today.swift in Sources */ = {isa = PBXBuildFile; fileRef = 05A460532831293900758B8E /* UIColor+Today.swift */; };
		05A4605728312A3300758B8E /* ReminderListViewController+DataSource.swift in Sources */ = {isa = PBXBuildFile; fileRef = 05A4605628312A3300758B8E /* ReminderListViewController+DataSource.swift */; };
		05A7696328379FE500EC6876 /* ReminderViewController.swift in Sources */ = {isa = PBXBuildFile; fileRef = 05A7696228379FE500EC6876 /* ReminderViewController.swift */; };
		05A769652837A1E900EC6876 /* ReminderViewController+Row.swift in Sources */ = {isa = PBXBuildFile; fileRef = 05A769642837A1E900EC6876 /* ReminderViewController+Row.swift */; };
		05BEB2AD28283213004E192F /* AppDelegate.swift in Sources */ = {isa = PBXBuildFile; fileRef = 05BEB2AC28283213004E192F /* AppDelegate.swift */; };
		05BEB2AF28283213004E192F /* SceneDelegate.swift in Sources */ = {isa = PBXBuildFile; fileRef = 05BEB2AE28283213004E192F /* SceneDelegate.swift */; };
		05BEB2B428283213004E192F /* Main.storyboard in Resources */ = {isa = PBXBuildFile; fileRef = 05BEB2B228283213004E192F /* Main.storyboard */; };
		05BEB2B628283215004E192F /* Assets.xcassets in Resources */ = {isa = PBXBuildFile; fileRef = 05BEB2B528283215004E192F /* Assets.xcassets */; };
		05BEB2B928283215004E192F /* LaunchScreen.storyboard in Resources */ = {isa = PBXBuildFile; fileRef = 05BEB2B728283215004E192F /* LaunchScreen.storyboard */; };
		05BEB2DE28283953004E192F /* Reminder.swift in Sources */ = {isa = PBXBuildFile; fileRef = 05BEB2DD28283953004E192F /* Reminder.swift */; };
		05F8322828381A4B00FE0D13 /* ReminderViewController+Section.swift in Sources */ = {isa = PBXBuildFile; fileRef = 05F8322728381A4B00FE0D13 /* ReminderViewController+Section.swift */; };
/* End PBXBuildFile section */

/* Begin PBXContainerItemProxy section */
		05BEB2C028283215004E192F /* PBXContainerItemProxy */ = {
			isa = PBXContainerItemProxy;
			containerPortal = 05BEB2A128283213004E192F /* Project object */;
			proxyType = 1;
			remoteGlobalIDString = 05BEB2A828283213004E192F;
			remoteInfo = Today;
		};
		05BEB2CA28283215004E192F /* PBXContainerItemProxy */ = {
			isa = PBXContainerItemProxy;
			containerPortal = 05BEB2A128283213004E192F /* Project object */;
			proxyType = 1;
			remoteGlobalIDString = 05BEB2A828283213004E192F;
			remoteInfo = Today;
		};
/* End PBXContainerItemProxy section */

/* Begin PBXFileReference section */
		05364B602835527500EA466B /* ReminderDoneButton.swift */ = {isa = PBXFileReference; lastKnownFileType = sourcecode.swift; path = ReminderDoneButton.swift; sourceTree = "<group>"; };
		05364B62283553EB00EA466B /* ReminderListViewController+Actions.swift */ = {isa = PBXFileReference; lastKnownFileType = sourcecode.swift; path = "ReminderListViewController+Actions.swift"; sourceTree = "<group>"; };
		05649FF3282FBD2C00C8536C /* ReminderListViewController.swift */ = {isa = PBXFileReference; lastKnownFileType = sourcecode.swift; path = ReminderListViewController.swift; sourceTree = "<group>"; };
		05A46051283127EE00758B8E /* Date+Today.swift */ = {isa = PBXFileReference; lastKnownFileType = sourcecode.swift; path = "Date+Today.swift"; sourceTree = "<group>"; };
		05A460532831293900758B8E /* UIColor+Today.swift */ = {isa = PBXFileReference; lastKnownFileType = sourcecode.swift; path = "UIColor+Today.swift"; sourceTree = "<group>"; };
		05A4605628312A3300758B8E /* ReminderListViewController+DataSource.swift */ = {isa = PBXFileReference; lastKnownFileType = sourcecode.swift; path = "ReminderListViewController+DataSource.swift"; sourceTree = "<group>"; };
		05A7696228379FE500EC6876 /* ReminderViewController.swift */ = {isa = PBXFileReference; lastKnownFileType = sourcecode.swift; path = ReminderViewController.swift; sourceTree = "<group>"; };
		05A769642837A1E900EC6876 /* ReminderViewController+Row.swift */ = {isa = PBXFileReference; lastKnownFileType = sourcecode.swift; path = "ReminderViewController+Row.swift"; sourceTree = "<group>"; };
		05BEB2A928283213004E192F /* Today.app */ = {isa = PBXFileReference; explicitFileType = wrapper.application; includeInIndex = 0; path = Today.app; sourceTree = BUILT_PRODUCTS_DIR; };
		05BEB2AC28283213004E192F /* AppDelegate.swift */ = {isa = PBXFileReference; lastKnownFileType = sourcecode.swift; path = AppDelegate.swift; sourceTree = "<group>"; };
		05BEB2AE28283213004E192F /* SceneDelegate.swift */ = {isa = PBXFileReference; lastKnownFileType = sourcecode.swift; path = SceneDelegate.swift; sourceTree = "<group>"; };
		05BEB2B328283213004E192F /* Base */ = {isa = PBXFileReference; lastKnownFileType = file.storyboard; name = Base; path = Base.lproj/Main.storyboard; sourceTree = "<group>"; };
		05BEB2B528283215004E192F /* Assets.xcassets */ = {isa = PBXFileReference; lastKnownFileType = folder.assetcatalog; path = Assets.xcassets; sourceTree = "<group>"; };
		05BEB2B828283215004E192F /* Base */ = {isa = PBXFileReference; lastKnownFileType = file.storyboard; name = Base; path = Base.lproj/LaunchScreen.storyboard; sourceTree = "<group>"; };
		05BEB2BA28283215004E192F /* Info.plist */ = {isa = PBXFileReference; lastKnownFileType = text.plist.xml; path = Info.plist; sourceTree = "<group>"; };
		05BEB2BF28283215004E192F /* TodayTests.xctest */ = {isa = PBXFileReference; explicitFileType = wrapper.cfbundle; includeInIndex = 0; path = TodayTests.xctest; sourceTree = BUILT_PRODUCTS_DIR; };
		05BEB2C928283215004E192F /* TodayUITests.xctest */ = {isa = PBXFileReference; explicitFileType = wrapper.cfbundle; includeInIndex = 0; path = TodayUITests.xctest; sourceTree = BUILT_PRODUCTS_DIR; };
		05BEB2DD28283953004E192F /* Reminder.swift */ = {isa = PBXFileReference; lastKnownFileType = sourcecode.swift; path = Reminder.swift; sourceTree = "<group>"; };
		05F8322728381A4B00FE0D13 /* ReminderViewController+Section.swift */ = {isa = PBXFileReference; lastKnownFileType = sourcecode.swift; path = "ReminderViewController+Section.swift"; sourceTree = "<group>"; };
/* End PBXFileReference section */

/* Begin PBXFrameworksBuildPhase section */
		05BEB2A628283213004E192F /* Frameworks */ = {
			isa = PBXFrameworksBuildPhase;
			buildActionMask = 2147483647;
			files = (
			);
			runOnlyForDeploymentPostprocessing = 0;
		};
		05BEB2BC28283215004E192F /* Frameworks */ = {
			isa = PBXFrameworksBuildPhase;
			buildActionMask = 2147483647;
			files = (
			);
			runOnlyForDeploymentPostprocessing = 0;
		};
		05BEB2C628283215004E192F /* Frameworks */ = {
			isa = PBXFrameworksBuildPhase;
			buildActionMask = 2147483647;
			files = (
			);
			runOnlyForDeploymentPostprocessing = 0;
		};
/* End PBXFrameworksBuildPhase section */

/* Begin PBXGroup section */
		05A46055283129F400758B8E /* ListViewController */ = {
			isa = PBXGroup;
			children = (
				05649FF3282FBD2C00C8536C /* ReminderListViewController.swift */,
				05A4605628312A3300758B8E /* ReminderListViewController+DataSource.swift */,
				05364B602835527500EA466B /* ReminderDoneButton.swift */,
				05364B62283553EB00EA466B /* ReminderListViewController+Actions.swift */,
			);
			path = ListViewController;
			sourceTree = "<group>";
		};
		05A769662837A21800EC6876 /* DetailViewController */ = {
			isa = PBXGroup;
			children = (
				05A7696228379FE500EC6876 /* ReminderViewController.swift */,
				05A769642837A1E900EC6876 /* ReminderViewController+Row.swift */,
				05F8322728381A4B00FE0D13 /* ReminderViewController+Section.swift */,
			);
			path = DetailViewController;
			sourceTree = "<group>";
		};
		05BEB2A028283213004E192F = {
			isa = PBXGroup;
			children = (
				05BEB2AB28283213004E192F /* Today */,
				05BEB2AA28283213004E192F /* Products */,
			);
			sourceTree = "<group>";
		};
		05BEB2AA28283213004E192F /* Products */ = {
			isa = PBXGroup;
			children = (
				05BEB2A928283213004E192F /* Today.app */,
				05BEB2BF28283215004E192F /* TodayTests.xctest */,
				05BEB2C928283215004E192F /* TodayUITests.xctest */,
			);
			name = Products;
			sourceTree = "<group>";
		};
		05BEB2AB28283213004E192F /* Today */ = {
			isa = PBXGroup;
			children = (
				05BEB2DC2828392D004E192F /* Model */,
				05BEB2AC28283213004E192F /* AppDelegate.swift */,
				05BEB2AE28283213004E192F /* SceneDelegate.swift */,
				05A769662837A21800EC6876 /* DetailViewController */,
				05A46055283129F400758B8E /* ListViewController */,
				05BEB2B228283213004E192F /* Main.storyboard */,
				05BEB2B528283215004E192F /* Assets.xcassets */,
				05BEB2B728283215004E192F /* LaunchScreen.storyboard */,
				05BEB2BA28283215004E192F /* Info.plist */,
			);
			path = Today;
			sourceTree = "<group>";
		};
		05BEB2DC2828392D004E192F /* Model */ = {
			isa = PBXGroup;
			children = (
				05BEB2DD28283953004E192F /* Reminder.swift */,
				05A460532831293900758B8E /* UIColor+Today.swift */,
				05A46051283127EE00758B8E /* Date+Today.swift */,
			);
			path = Model;
			sourceTree = "<group>";
		};
/* End PBXGroup section */

/* Begin PBXNativeTarget section */
		05BEB2A828283213004E192F /* Today */ = {
			isa = PBXNativeTarget;
			buildConfigurationList = 05BEB2D328283215004E192F /* Build configuration list for PBXNativeTarget "Today" */;
			buildPhases = (
				05BEB2A528283213004E192F /* Sources */,
				05BEB2A628283213004E192F /* Frameworks */,
				05BEB2A728283213004E192F /* Resources */,
			);
			buildRules = (
			);
			dependencies = (
			);
			name = Today;
			productName = Today;
			productReference = 05BEB2A928283213004E192F /* Today.app */;
			productType = "com.apple.product-type.application";
		};
		05BEB2BE28283215004E192F /* TodayTests */ = {
			isa = PBXNativeTarget;
			buildConfigurationList = 05BEB2D628283215004E192F /* Build configuration list for PBXNativeTarget "TodayTests" */;
			buildPhases = (
				05BEB2BB28283215004E192F /* Sources */,
				05BEB2BC28283215004E192F /* Frameworks */,
				05BEB2BD28283215004E192F /* Resources */,
			);
			buildRules = (
			);
			dependencies = (
				05BEB2C128283215004E192F /* PBXTargetDependency */,
			);
			name = TodayTests;
			productName = TodayTests;
			productReference = 05BEB2BF28283215004E192F /* TodayTests.xctest */;
			productType = "com.apple.product-type.bundle.unit-test";
		};
		05BEB2C828283215004E192F /* TodayUITests */ = {
			isa = PBXNativeTarget;
			buildConfigurationList = 05BEB2D928283215004E192F /* Build configuration list for PBXNativeTarget "TodayUITests" */;
			buildPhases = (
				05BEB2C528283215004E192F /* Sources */,
				05BEB2C628283215004E192F /* Frameworks */,
				05BEB2C728283215004E192F /* Resources */,
			);
			buildRules = (
			);
			dependencies = (
				05BEB2CB28283215004E192F /* PBXTargetDependency */,
			);
			name = TodayUITests;
			productName = TodayUITests;
			productReference = 05BEB2C928283215004E192F /* TodayUITests.xctest */;
			productType = "com.apple.product-type.bundle.ui-testing";
		};
/* End PBXNativeTarget section */

/* Begin PBXProject section */
		05BEB2A128283213004E192F /* Project object */ = {
			isa = PBXProject;
			attributes = {
				BuildIndependentTargetsInParallel = 1;
				LastSwiftUpdateCheck = 1320;
				LastUpgradeCheck = 1320;
				TargetAttributes = {
					05BEB2A828283213004E192F = {
						CreatedOnToolsVersion = 13.2.1;
					};
					05BEB2BE28283215004E192F = {
						CreatedOnToolsVersion = 13.2.1;
						TestTargetID = 05BEB2A828283213004E192F;
					};
					05BEB2C828283215004E192F = {
						CreatedOnToolsVersion = 13.2.1;
						TestTargetID = 05BEB2A828283213004E192F;
					};
				};
			};
			buildConfigurationList = 05BEB2A428283213004E192F /* Build configuration list for PBXProject "Today" */;
			compatibilityVersion = "Xcode 13.0";
			developmentRegion = en;
			hasScannedForEncodings = 0;
			knownRegions = (
				en,
				Base,
			);
			mainGroup = 05BEB2A028283213004E192F;
			productRefGroup = 05BEB2AA28283213004E192F /* Products */;
			projectDirPath = "";
			projectRoot = "";
			targets = (
				05BEB2A828283213004E192F /* Today */,
				05BEB2BE28283215004E192F /* TodayTests */,
				05BEB2C828283215004E192F /* TodayUITests */,
			);
		};
/* End PBXProject section */

/* Begin PBXResourcesBuildPhase section */
		05BEB2A728283213004E192F /* Resources */ = {
			isa = PBXResourcesBuildPhase;
			buildActionMask = 2147483647;
			files = (
				05BEB2B928283215004E192F /* LaunchScreen.storyboard in Resources */,
				05BEB2B628283215004E192F /* Assets.xcassets in Resources */,
				05BEB2B428283213004E192F /* Main.storyboard in Resources */,
			);
			runOnlyForDeploymentPostprocessing = 0;
		};
		05BEB2BD28283215004E192F /* Resources */ = {
			isa = PBXResourcesBuildPhase;
			buildActionMask = 2147483647;
			files = (
			);
			runOnlyForDeploymentPostprocessing = 0;
		};
		05BEB2C728283215004E192F /* Resources */ = {
			isa = PBXResourcesBuildPhase;
			buildActionMask = 2147483647;
			files = (
			);
			runOnlyForDeploymentPostprocessing = 0;
		};
/* End PBXResourcesBuildPhase section */

/* Begin PBXSourcesBuildPhase section */
		05BEB2A528283213004E192F /* Sources */ = {
			isa = PBXSourcesBuildPhase;
			buildActionMask = 2147483647;
			files = (
				05F8322828381A4B00FE0D13 /* ReminderViewController+Section.swift in Sources */,
				05A460542831293900758B8E /* UIColor+Today.swift in Sources */,
				05364B63283553EB00EA466B /* ReminderListViewController+Actions.swift in Sources */,
				05A7696328379FE500EC6876 /* ReminderViewController.swift in Sources */,
				05BEB2AD28283213004E192F /* AppDelegate.swift in Sources */,
				05BEB2AF28283213004E192F /* SceneDelegate.swift in Sources */,
				05A769652837A1E900EC6876 /* ReminderViewController+Row.swift in Sources */,
				05364B612835527500EA466B /* ReminderDoneButton.swift in Sources */,
				05A46052283127EE00758B8E /* Date+Today.swift in Sources */,
				05A4605728312A3300758B8E /* ReminderListViewController+DataSource.swift in Sources */,
				05649FF4282FBD2C00C8536C /* ReminderListViewController.swift in Sources */,
				05BEB2DE28283953004E192F /* Reminder.swift in Sources */,
			);
			runOnlyForDeploymentPostprocessing = 0;
		};
		05BEB2BB28283215004E192F /* Sources */ = {
			isa = PBXSourcesBuildPhase;
			buildActionMask = 2147483647;
			files = (
			);
			runOnlyForDeploymentPostprocessing = 0;
		};
		05BEB2C528283215004E192F /* Sources */ = {
			isa = PBXSourcesBuildPhase;
			buildActionMask = 2147483647;
			files = (
			);
			runOnlyForDeploymentPostprocessing = 0;
		};
/* End PBXSourcesBuildPhase section */

/* Begin PBXTargetDependency section */
		05BEB2C128283215004E192F /* PBXTargetDependency */ = {
			isa = PBXTargetDependency;
			target = 05BEB2A828283213004E192F /* Today */;
			targetProxy = 05BEB2C028283215004E192F /* PBXContainerItemProxy */;
		};
		05BEB2CB28283215004E192F /* PBXTargetDependency */ = {
			isa = PBXTargetDependency;
			target = 05BEB2A828283213004E192F /* Today */;
			targetProxy = 05BEB2CA28283215004E192F /* PBXContainerItemProxy */;
		};
/* End PBXTargetDependency section */

/* Begin PBXVariantGroup section */
		05BEB2B228283213004E192F /* Main.storyboard */ = {
			isa = PBXVariantGroup;
			children = (
				05BEB2B328283213004E192F /* Base */,
			);
			name = Main.storyboard;
			sourceTree = "<group>";
		};
		05BEB2B728283215004E192F /* LaunchScreen.storyboard */ = {
			isa = PBXVariantGroup;
			children = (
				05BEB2B828283215004E192F /* Base */,
			);
			name = LaunchScreen.storyboard;
			sourceTree = "<group>";
		};
/* End PBXVariantGroup section */

/* Begin XCBuildConfiguration section */
		05BEB2D128283215004E192F /* Debug */ = {
			isa = XCBuildConfiguration;
			buildSettings = {
				ALWAYS_SEARCH_USER_PATHS = NO;
				CLANG_ANALYZER_NONNULL = YES;
				CLANG_ANALYZER_NUMBER_OBJECT_CONVERSION = YES_AGGRESSIVE;
				CLANG_CXX_LANGUAGE_STANDARD = "gnu++17";
				CLANG_CXX_LIBRARY = "libc++";
				CLANG_ENABLE_MODULES = YES;
				CLANG_ENABLE_OBJC_ARC = YES;
				CLANG_ENABLE_OBJC_WEAK = YES;
				CLANG_WARN_BLOCK_CAPTURE_AUTORELEASING = YES;
				CLANG_WARN_BOOL_CONVERSION = YES;
				CLANG_WARN_COMMA = YES;
				CLANG_WARN_CONSTANT_CONVERSION = YES;
				CLANG_WARN_DEPRECATED_OBJC_IMPLEMENTATIONS = YES;
				CLANG_WARN_DIRECT_OBJC_ISA_USAGE = YES_ERROR;
				CLANG_WARN_DOCUMENTATION_COMMENTS = YES;
				CLANG_WARN_EMPTY_BODY = YES;
				CLANG_WARN_ENUM_CONVERSION = YES;
				CLANG_WARN_INFINITE_RECURSION = YES;
				CLANG_WARN_INT_CONVERSION = YES;
				CLANG_WARN_NON_LITERAL_NULL_CONVERSION = YES;
				CLANG_WARN_OBJC_IMPLICIT_RETAIN_SELF = YES;
				CLANG_WARN_OBJC_LITERAL_CONVERSION = YES;
				CLANG_WARN_OBJC_ROOT_CLASS = YES_ERROR;
				CLANG_WARN_QUOTED_INCLUDE_IN_FRAMEWORK_HEADER = YES;
				CLANG_WARN_RANGE_LOOP_ANALYSIS = YES;
				CLANG_WARN_STRICT_PROTOTYPES = YES;
				CLANG_WARN_SUSPICIOUS_MOVE = YES;
				CLANG_WARN_UNGUARDED_AVAILABILITY = YES_AGGRESSIVE;
				CLANG_WARN_UNREACHABLE_CODE = YES;
				CLANG_WARN__DUPLICATE_METHOD_MATCH = YES;
				COPY_PHASE_STRIP = NO;
				DEBUG_INFORMATION_FORMAT = dwarf;
				ENABLE_STRICT_OBJC_MSGSEND = YES;
				ENABLE_TESTABILITY = YES;
				GCC_C_LANGUAGE_STANDARD = gnu11;
				GCC_DYNAMIC_NO_PIC = NO;
				GCC_NO_COMMON_BLOCKS = YES;
				GCC_OPTIMIZATION_LEVEL = 0;
				GCC_PREPROCESSOR_DEFINITIONS = (
					"DEBUG=1",
					"$(inherited)",
				);
				GCC_WARN_64_TO_32_BIT_CONVERSION = YES;
				GCC_WARN_ABOUT_RETURN_TYPE = YES_ERROR;
				GCC_WARN_UNDECLARED_SELECTOR = YES;
				GCC_WARN_UNINITIALIZED_AUTOS = YES_AGGRESSIVE;
				GCC_WARN_UNUSED_FUNCTION = YES;
				GCC_WARN_UNUSED_VARIABLE = YES;
				IPHONEOS_DEPLOYMENT_TARGET = 15.2;
				MTL_ENABLE_DEBUG_INFO = INCLUDE_SOURCE;
				MTL_FAST_MATH = YES;
				ONLY_ACTIVE_ARCH = YES;
				SDKROOT = iphoneos;
				SWIFT_ACTIVE_COMPILATION_CONDITIONS = DEBUG;
				SWIFT_OPTIMIZATION_LEVEL = "-Onone";
			};
			name = Debug;
		};
		05BEB2D228283215004E192F /* Release */ = {
			isa = XCBuildConfiguration;
			buildSettings = {
				ALWAYS_SEARCH_USER_PATHS = NO;
				CLANG_ANALYZER_NONNULL = YES;
				CLANG_ANALYZER_NUMBER_OBJECT_CONVERSION = YES_AGGRESSIVE;
				CLANG_CXX_LANGUAGE_STANDARD = "gnu++17";
				CLANG_CXX_LIBRARY = "libc++";
				CLANG_ENABLE_MODULES = YES;
				CLANG_ENABLE_OBJC_ARC = YES;
				CLANG_ENABLE_OBJC_WEAK = YES;
				CLANG_WARN_BLOCK_CAPTURE_AUTORELEASING = YES;
				CLANG_WARN_BOOL_CONVERSION = YES;
				CLANG_WARN_COMMA = YES;
				CLANG_WARN_CONSTANT_CONVERSION = YES;
				CLANG_WARN_DEPRECATED_OBJC_IMPLEMENTATIONS = YES;
				CLANG_WARN_DIRECT_OBJC_ISA_USAGE = YES_ERROR;
				CLANG_WARN_DOCUMENTATION_COMMENTS = YES;
				CLANG_WARN_EMPTY_BODY = YES;
				CLANG_WARN_ENUM_CONVERSION = YES;
				CLANG_WARN_INFINITE_RECURSION = YES;
				CLANG_WARN_INT_CONVERSION = YES;
				CLANG_WARN_NON_LITERAL_NULL_CONVERSION = YES;
				CLANG_WARN_OBJC_IMPLICIT_RETAIN_SELF = YES;
				CLANG_WARN_OBJC_LITERAL_CONVERSION = YES;
				CLANG_WARN_OBJC_ROOT_CLASS = YES_ERROR;
				CLANG_WARN_QUOTED_INCLUDE_IN_FRAMEWORK_HEADER = YES;
				CLANG_WARN_RANGE_LOOP_ANALYSIS = YES;
				CLANG_WARN_STRICT_PROTOTYPES = YES;
				CLANG_WARN_SUSPICIOUS_MOVE = YES;
				CLANG_WARN_UNGUARDED_AVAILABILITY = YES_AGGRESSIVE;
				CLANG_WARN_UNREACHABLE_CODE = YES;
				CLANG_WARN__DUPLICATE_METHOD_MATCH = YES;
				COPY_PHASE_STRIP = NO;
				DEBUG_INFORMATION_FORMAT = "dwarf-with-dsym";
				ENABLE_NS_ASSERTIONS = NO;
				ENABLE_STRICT_OBJC_MSGSEND = YES;
				GCC_C_LANGUAGE_STANDARD = gnu11;
				GCC_NO_COMMON_BLOCKS = YES;
				GCC_WARN_64_TO_32_BIT_CONVERSION = YES;
				GCC_WARN_ABOUT_RETURN_TYPE = YES_ERROR;
				GCC_WARN_UNDECLARED_SELECTOR = YES;
				GCC_WARN_UNINITIALIZED_AUTOS = YES_AGGRESSIVE;
				GCC_WARN_UNUSED_FUNCTION = YES;
				GCC_WARN_UNUSED_VARIABLE = YES;
				IPHONEOS_DEPLOYMENT_TARGET = 15.2;
				MTL_ENABLE_DEBUG_INFO = NO;
				MTL_FAST_MATH = YES;
				SDKROOT = iphoneos;
				SWIFT_COMPILATION_MODE = wholemodule;
				SWIFT_OPTIMIZATION_LEVEL = "-O";
				VALIDATE_PRODUCT = YES;
			};
			name = Release;
		};
		05BEB2D428283215004E192F /* Debug */ = {
			isa = XCBuildConfiguration;
			buildSettings = {
				ASSETCATALOG_COMPILER_APPICON_NAME = AppIcon;
				ASSETCATALOG_COMPILER_GLOBAL_ACCENT_COLOR_NAME = AccentColor;
				CODE_SIGN_STYLE = Automatic;
				CURRENT_PROJECT_VERSION = 1;
				DEVELOPMENT_TEAM = N4D3VSW55S;
				GENERATE_INFOPLIST_FILE = YES;
				INFOPLIST_FILE = Today/Info.plist;
				INFOPLIST_KEY_UIApplicationSupportsIndirectInputEvents = YES;
				INFOPLIST_KEY_UILaunchStoryboardName = LaunchScreen;
				INFOPLIST_KEY_UIMainStoryboardFile = Main;
				INFOPLIST_KEY_UISupportedInterfaceOrientations_iPad = "UIInterfaceOrientationPortrait UIInterfaceOrientationPortraitUpsideDown UIInterfaceOrientationLandscapeLeft UIInterfaceOrientationLandscapeRight";
				INFOPLIST_KEY_UISupportedInterfaceOrientations_iPhone = "UIInterfaceOrientationPortrait UIInterfaceOrientationLandscapeLeft UIInterfaceOrientationLandscapeRight";
				LD_RUNPATH_SEARCH_PATHS = (
					"$(inherited)",
					"@executable_path/Frameworks",
				);
				MARKETING_VERSION = 1.0;
				PRODUCT_BUNDLE_IDENTIFIER = mint.Today;
				PRODUCT_NAME = "$(TARGET_NAME)";
				SWIFT_EMIT_LOC_STRINGS = YES;
				SWIFT_VERSION = 5.0;
				TARGETED_DEVICE_FAMILY = "1,2";
			};
			name = Debug;
		};
		05BEB2D528283215004E192F /* Release */ = {
			isa = XCBuildConfiguration;
			buildSettings = {
				ASSETCATALOG_COMPILER_APPICON_NAME = AppIcon;
				ASSETCATALOG_COMPILER_GLOBAL_ACCENT_COLOR_NAME = AccentColor;
				CODE_SIGN_STYLE = Automatic;
				CURRENT_PROJECT_VERSION = 1;
				DEVELOPMENT_TEAM = N4D3VSW55S;
				GENERATE_INFOPLIST_FILE = YES;
				INFOPLIST_FILE = Today/Info.plist;
				INFOPLIST_KEY_UIApplicationSupportsIndirectInputEvents = YES;
				INFOPLIST_KEY_UILaunchStoryboardName = LaunchScreen;
				INFOPLIST_KEY_UIMainStoryboardFile = Main;
				INFOPLIST_KEY_UISupportedInterfaceOrientations_iPad = "UIInterfaceOrientationPortrait UIInterfaceOrientationPortraitUpsideDown UIInterfaceOrientationLandscapeLeft UIInterfaceOrientationLandscapeRight";
				INFOPLIST_KEY_UISupportedInterfaceOrientations_iPhone = "UIInterfaceOrientationPortrait UIInterfaceOrientationLandscapeLeft UIInterfaceOrientationLandscapeRight";
				LD_RUNPATH_SEARCH_PATHS = (
					"$(inherited)",
					"@executable_path/Frameworks",
				);
				MARKETING_VERSION = 1.0;
				PRODUCT_BUNDLE_IDENTIFIER = mint.Today;
				PRODUCT_NAME = "$(TARGET_NAME)";
				SWIFT_EMIT_LOC_STRINGS = YES;
				SWIFT_VERSION = 5.0;
				TARGETED_DEVICE_FAMILY = "1,2";
			};
			name = Release;
		};
		05BEB2D728283215004E192F /* Debug */ = {
			isa = XCBuildConfiguration;
			buildSettings = {
				ALWAYS_EMBED_SWIFT_STANDARD_LIBRARIES = YES;
				BUNDLE_LOADER = "$(TEST_HOST)";
				CODE_SIGN_STYLE = Automatic;
				CURRENT_PROJECT_VERSION = 1;
				DEVELOPMENT_TEAM = N4D3VSW55S;
				GENERATE_INFOPLIST_FILE = YES;
				IPHONEOS_DEPLOYMENT_TARGET = 15.2;
				MARKETING_VERSION = 1.0;
				PRODUCT_BUNDLE_IDENTIFIER = mint.TodayTests;
				PRODUCT_NAME = "$(TARGET_NAME)";
				SWIFT_EMIT_LOC_STRINGS = NO;
				SWIFT_VERSION = 5.0;
				TARGETED_DEVICE_FAMILY = "1,2";
				TEST_HOST = "$(BUILT_PRODUCTS_DIR)/Today.app/Today";
			};
			name = Debug;
		};
		05BEB2D828283215004E192F /* Release */ = {
			isa = XCBuildConfiguration;
			buildSettings = {
				ALWAYS_EMBED_SWIFT_STANDARD_LIBRARIES = YES;
				BUNDLE_LOADER = "$(TEST_HOST)";
				CODE_SIGN_STYLE = Automatic;
				CURRENT_PROJECT_VERSION = 1;
				DEVELOPMENT_TEAM = N4D3VSW55S;
				GENERATE_INFOPLIST_FILE = YES;
				IPHONEOS_DEPLOYMENT_TARGET = 15.2;
				MARKETING_VERSION = 1.0;
				PRODUCT_BUNDLE_IDENTIFIER = mint.TodayTests;
				PRODUCT_NAME = "$(TARGET_NAME)";
				SWIFT_EMIT_LOC_STRINGS = NO;
				SWIFT_VERSION = 5.0;
				TARGETED_DEVICE_FAMILY = "1,2";
				TEST_HOST = "$(BUILT_PRODUCTS_DIR)/Today.app/Today";
			};
			name = Release;
		};
		05BEB2DA28283215004E192F /* Debug */ = {
			isa = XCBuildConfiguration;
			buildSettings = {
				ALWAYS_EMBED_SWIFT_STANDARD_LIBRARIES = YES;
				CODE_SIGN_STYLE = Automatic;
				CURRENT_PROJECT_VERSION = 1;
				DEVELOPMENT_TEAM = N4D3VSW55S;
				GENERATE_INFOPLIST_FILE = YES;
				MARKETING_VERSION = 1.0;
				PRODUCT_BUNDLE_IDENTIFIER = mint.TodayUITests;
				PRODUCT_NAME = "$(TARGET_NAME)";
				SWIFT_EMIT_LOC_STRINGS = NO;
				SWIFT_VERSION = 5.0;
				TARGETED_DEVICE_FAMILY = "1,2";
				TEST_TARGET_NAME = Today;
			};
			name = Debug;
		};
		05BEB2DB28283215004E192F /* Release */ = {
			isa = XCBuildConfiguration;
			buildSettings = {
				ALWAYS_EMBED_SWIFT_STANDARD_LIBRARIES = YES;
				CODE_SIGN_STYLE = Automatic;
				CURRENT_PROJECT_VERSION = 1;
				DEVELOPMENT_TEAM = N4D3VSW55S;
				GENERATE_INFOPLIST_FILE = YES;
				MARKETING_VERSION = 1.0;
				PRODUCT_BUNDLE_IDENTIFIER = mint.TodayUITests;
				PRODUCT_NAME = "$(TARGET_NAME)";
				SWIFT_EMIT_LOC_STRINGS = NO;
				SWIFT_VERSION = 5.0;
				TARGETED_DEVICE_FAMILY = "1,2";
				TEST_TARGET_NAME = Today;
			};
			name = Release;
		};
/* End XCBuildConfiguration section */

/* Begin XCConfigurationList section */
		05BEB2A428283213004E192F /* Build configuration list for PBXProject "Today" */ = {
			isa = XCConfigurationList;
			buildConfigurations = (
				05BEB2D128283215004E192F /* Debug */,
				05BEB2D228283215004E192F /* Release */,
			);
			defaultConfigurationIsVisible = 0;
			defaultConfigurationName = Release;
		};
		05BEB2D328283215004E192F /* Build configuration list for PBXNativeTarget "Today" */ = {
			isa = XCConfigurationList;
			buildConfigurations = (
				05BEB2D428283215004E192F /* Debug */,
				05BEB2D528283215004E192F /* Release */,
			);
			defaultConfigurationIsVisible = 0;
			defaultConfigurationName = Release;
		};
		05BEB2D628283215004E192F /* Build configuration list for PBXNativeTarget "TodayTests" */ = {
			isa = XCConfigurationList;
			buildConfigurations = (
				05BEB2D728283215004E192F /* Debug */,
				05BEB2D828283215004E192F /* Release */,
			);
			defaultConfigurationIsVisible = 0;
			defaultConfigurationName = Release;
		};
		05BEB2D928283215004E192F /* Build configuration list for PBXNativeTarget "TodayUITests" */ = {
			isa = XCConfigurationList;
			buildConfigurations = (
				05BEB2DA28283215004E192F /* Debug */,
				05BEB2DB28283215004E192F /* Release */,
			);
			defaultConfigurationIsVisible = 0;
			defaultConfigurationName = Release;
		};
/* End XCConfigurationList section */
	};
	rootObject = 05BEB2A128283213004E192F /* Project object */;
}
